
Microsoft Visual Studio Solution File, Format Version 10.00
# Visual Studio 2008
Project("{2150E333-8FDC-42A3-9474-1A3956D46DE8}") = "Build Scripts", "Build Scripts", "{3223D8B5-B7B6-4C03-A840-E1145C8A8B0E}"
	ProjectSection(SolutionItems) = preProject
		..\default.build = ..\default.build
		..\default.properties = ..\default.properties
		..\test.build = ..\test.build
		..\test.properties = ..\test.properties
	EndProjectSection
EndProject
Project("{FAE04EC0-301F-11D3-BF4B-00C04F79EFBC}") = "DnugLeipzig.Extensions", "app\DnugLeipzig.Extensions\DnugLeipzig.Extensions.csproj", "{43CDFC01-CED1-484C-A74B-B9746A670100}"
EndProject
Project("{2150E333-8FDC-42A3-9474-1A3956D46DE8}") = "Application", "Application", "{80EB3C62-C3AE-4240-BE42-70C007F6821F}"
EndProject
Project("{2150E333-8FDC-42A3-9474-1A3956D46DE8}") = "Tests", "Tests", "{80AA3029-84FE-4694-9A13-CBFC3BFB85A1}"
EndProject
Project("{FAE04EC0-301F-11D3-BF4B-00C04F79EFBC}") = "DnugLeipzig.Extensions.Tests", "test\DnugLeipzig.Extensions.Tests\DnugLeipzig.Extensions.Tests.csproj", "{FC3CAE00-FF7B-4B38-AAE1-FA8F385D1242}"
EndProject
Project("{FAE04EC0-301F-11D3-BF4B-00C04F79EFBC}") = "DnugLeipzig.Plugins", "app\DnugLeipzig.Plugins\DnugLeipzig.Plugins.csproj", "{A135CE3D-C7DB-4241-8F9C-12695655CE6F}"
EndProject
Project("{FAE04EC0-301F-11D3-BF4B-00C04F79EFBC}") = "DnugLeipzig.Plugins.Tests", "test\DnugLeipzig.Plugins.Tests\DnugLeipzig.Plugins.Tests.csproj", "{9C8399D6-839F-4088-87B4-F80E8D5094D2}"
EndProject
Project("{FAE04EC0-301F-11D3-BF4B-00C04F79EFBC}") = "DnugLeipzig.Definitions", "app\DnugLeipzig.Definitions\DnugLeipzig.Definitions.csproj", "{1C5C989B-CE0B-4DC3-AF43-96B114838D08}"
EndProject
Project("{FAE04EC0-301F-11D3-BF4B-00C04F79EFBC}") = "DnugLeipzig.Runtime", "app\DnugLeipzig.Runtime\DnugLeipzig.Runtime.csproj", "{7F147039-28C6-4CE6-B134-4A94E90BA183}"
EndProject
Project("{FAE04EC0-301F-11D3-BF4B-00C04F79EFBC}") = "DnugLeipzig.DemoSite", "app\DnugLeipzig.DemoSite\DnugLeipzig.DemoSite.csproj", "{47E83768-1722-4F4C-BA0E-CA313AE6B11D}"
EndProject
Project("{FAE04EC0-301F-11D3-BF4B-00C04F79EFBC}") = "DnugLeipzig.Definitions.Tests", "test\DnugLeipzig.Definitions.Tests\DnugLeipzig.Definitions.Tests.csproj", "{2FB6553B-34BA-4A75-9E88-E82F3D3C1891}"
EndProject
Project("{E24C65DC-7377-472B-9ABA-BC803B73C61A}") = "DnugLeipzig.Theme", "app\DnugLeipzig.Theme", "{256F19B3-7288-42B1-82F0-3BC4D284891E}"
	ProjectSection(WebsiteProperties) = preProject
		TargetFramework = "3.5"
		ProjectReferences = "{47E83768-1722-4F4C-BA0E-CA313AE6B11D}|DnugLeipzig.DemoSite.dll;{43CDFC01-CED1-484C-A74B-B9746A670100}|DnugLeipzig.Extensions.dll;{1C5C989B-CE0B-4DC3-AF43-96B114838D08}|DnugLeipzig.Definitions.dll;{A135CE3D-C7DB-4241-8F9C-12695655CE6F}|DnugLeipzig.Plugins.dll;{7F147039-28C6-4CE6-B134-4A94E90BA183}|DnugLeipzig.Runtime.dll;"
		Debug.AspNetCompiler.VirtualPath = "/DnugLeipzig.Theme"
		Debug.AspNetCompiler.PhysicalPath = "app\DnugLeipzig.Theme\"
		Debug.AspNetCompiler.TargetPath = "PrecompiledWeb\DnugLeipzig.Theme\"
		Debug.AspNetCompiler.Updateable = "true"
		Debug.AspNetCompiler.ForceOverwrite = "true"
		Debug.AspNetCompiler.FixedNames = "false"
		Debug.AspNetCompiler.Debug = "True"
		Release.AspNetCompiler.VirtualPath = "/DnugLeipzig.Theme"
		Release.AspNetCompiler.PhysicalPath = "app\DnugLeipzig.Theme\"
		Release.AspNetCompiler.TargetPath = "PrecompiledWeb\DnugLeipzig.Theme\"
		Release.AspNetCompiler.Updateable = "true"
		Release.AspNetCompiler.ForceOverwrite = "true"
		Release.AspNetCompiler.FixedNames = "false"
		Release.AspNetCompiler.Debug = "False"
		VWDPort = "41224"
	EndProjectSection
EndProject
Project("{FAE04EC0-301F-11D3-BF4B-00C04F79EFBC}") = "DnugLeipzig.ForTesting", "test\DnugLeipzig.ForTesting\DnugLeipzig.ForTesting.csproj", "{6793C240-F450-448C-922D-B8D5AF771E98}"
EndProject
Project("{FAE04EC0-301F-11D3-BF4B-00C04F79EFBC}") = "DnugLeipzig.Runtime.Tests", "test\DnugLeipzig.Runtime.Tests\DnugLeipzig.Runtime.Tests.csproj", "{BDA8AFF6-3130-4CB9-9E91-A16D47C52C1A}"
EndProject
Project("{FAE04EC0-301F-11D3-BF4B-00C04F79EFBC}") = "DnugLeipzig.Container", "app\DnugLeipzig.Container\DnugLeipzig.Container.csproj", "{F228380B-3069-4F2B-BF23-BFC1D7C02C7C}"
EndProject
Project("{FAE04EC0-301F-11D3-BF4B-00C04F79EFBC}") = "DnugLeipzig.Container.Tests", "test\DnugLeipzig.Container.Tests\DnugLeipzig.Container.Tests.csproj", "{10190B8D-6AA4-4B47-893C-39864585D5EE}"
EndProject
Global
	GlobalSection(SolutionConfigurationPlatforms) = preSolution
		Debug|Any CPU = Debug|Any CPU
		Release|Any CPU = Release|Any CPU
	EndGlobalSection
	GlobalSection(ProjectConfigurationPlatforms) = postSolution
		{43CDFC01-CED1-484C-A74B-B9746A670100}.Debug|Any CPU.ActiveCfg = Debug|Any CPU
		{43CDFC01-CED1-484C-A74B-B9746A670100}.Debug|Any CPU.Build.0 = Debug|Any CPU
		{43CDFC01-CED1-484C-A74B-B9746A670100}.Release|Any CPU.ActiveCfg = Release|Any CPU
		{43CDFC01-CED1-484C-A74B-B9746A670100}.Release|Any CPU.Build.0 = Release|Any CPU
		{FC3CAE00-FF7B-4B38-AAE1-FA8F385D1242}.Debug|Any CPU.ActiveCfg = Debug|Any CPU
		{FC3CAE00-FF7B-4B38-AAE1-FA8F385D1242}.Debug|Any CPU.Build.0 = Debug|Any CPU
		{FC3CAE00-FF7B-4B38-AAE1-FA8F385D1242}.Release|Any CPU.ActiveCfg = Release|Any CPU
		{FC3CAE00-FF7B-4B38-AAE1-FA8F385D1242}.Release|Any CPU.Build.0 = Release|Any CPU
		{A135CE3D-C7DB-4241-8F9C-12695655CE6F}.Debug|Any CPU.ActiveCfg = Debug|Any CPU
		{A135CE3D-C7DB-4241-8F9C-12695655CE6F}.Debug|Any CPU.Build.0 = Debug|Any CPU
		{A135CE3D-C7DB-4241-8F9C-12695655CE6F}.Release|Any CPU.ActiveCfg = Release|Any CPU
		{A135CE3D-C7DB-4241-8F9C-12695655CE6F}.Release|Any CPU.Build.0 = Release|Any CPU
		{9C8399D6-839F-4088-87B4-F80E8D5094D2}.Debug|Any CPU.ActiveCfg = Debug|Any CPU
		{9C8399D6-839F-4088-87B4-F80E8D5094D2}.Debug|Any CPU.Build.0 = Debug|Any CPU
		{9C8399D6-839F-4088-87B4-F80E8D5094D2}.Release|Any CPU.ActiveCfg = Release|Any CPU
		{9C8399D6-839F-4088-87B4-F80E8D5094D2}.Release|Any CPU.Build.0 = Release|Any CPU
		{1C5C989B-CE0B-4DC3-AF43-96B114838D08}.Debug|Any CPU.ActiveCfg = Debug|Any CPU
		{1C5C989B-CE0B-4DC3-AF43-96B114838D08}.Debug|Any CPU.Build.0 = Debug|Any CPU
		{1C5C989B-CE0B-4DC3-AF43-96B114838D08}.Release|Any CPU.ActiveCfg = Release|Any CPU
		{1C5C989B-CE0B-4DC3-AF43-96B114838D08}.Release|Any CPU.Build.0 = Release|Any CPU
		{7F147039-28C6-4CE6-B134-4A94E90BA183}.Debug|Any CPU.ActiveCfg = Debug|Any CPU
		{7F147039-28C6-4CE6-B134-4A94E90BA183}.Debug|Any CPU.Build.0 = Debug|Any CPU
		{7F147039-28C6-4CE6-B134-4A94E90BA183}.Release|Any CPU.ActiveCfg = Release|Any CPU
		{7F147039-28C6-4CE6-B134-4A94E90BA183}.Release|Any CPU.Build.0 = Release|Any CPU
		{47E83768-1722-4F4C-BA0E-CA313AE6B11D}.Debug|Any CPU.ActiveCfg = Debug|Any CPU
		{47E83768-1722-4F4C-BA0E-CA313AE6B11D}.Debug|Any CPU.Build.0 = Debug|Any CPU
		{47E83768-1722-4F4C-BA0E-CA313AE6B11D}.Release|Any CPU.ActiveCfg = Release|Any CPU
		{47E83768-1722-4F4C-BA0E-CA313AE6B11D}.Release|Any CPU.Build.0 = Release|Any CPU
		{2FB6553B-34BA-4A75-9E88-E82F3D3C1891}.Debug|Any CPU.ActiveCfg = Debug|Any CPU
		{2FB6553B-34BA-4A75-9E88-E82F3D3C1891}.Debug|Any CPU.Build.0 = Debug|Any CPU
		{2FB6553B-34BA-4A75-9E88-E82F3D3C1891}.Release|Any CPU.ActiveCfg = Release|Any CPU
		{2FB6553B-34BA-4A75-9E88-E82F3D3C1891}.Release|Any CPU.Build.0 = Release|Any CPU
		{256F19B3-7288-42B1-82F0-3BC4D284891E}.Debug|Any CPU.ActiveCfg = Debug|Any CPU
		{256F19B3-7288-42B1-82F0-3BC4D284891E}.Release|Any CPU.ActiveCfg = Debug|.NET
		{6793C240-F450-448C-922D-B8D5AF771E98}.Debug|Any CPU.ActiveCfg = Debug|Any CPU
		{6793C240-F450-448C-922D-B8D5AF771E98}.Debug|Any CPU.Build.0 = Debug|Any CPU
		{6793C240-F450-448C-922D-B8D5AF771E98}.Release|Any CPU.ActiveCfg = Release|Any CPU
		{6793C240-F450-448C-922D-B8D5AF771E98}.Release|Any CPU.Build.0 = Release|Any CPU
		{BDA8AFF6-3130-4CB9-9E91-A16D47C52C1A}.Debug|Any CPU.ActiveCfg = Debug|Any CPU
		{BDA8AFF6-3130-4CB9-9E91-A16D47C52C1A}.Debug|Any CPU.Build.0 = Debug|Any CPU
		{BDA8AFF6-3130-4CB9-9E91-A16D47C52C1A}.Release|Any CPU.ActiveCfg = Release|Any CPU
		{BDA8AFF6-3130-4CB9-9E91-A16D47C52C1A}.Release|Any CPU.Build.0 = Release|Any CPU
		{F228380B-3069-4F2B-BF23-BFC1D7C02C7C}.Debug|Any CPU.ActiveCfg = Debug|Any CPU
		{F228380B-3069-4F2B-BF23-BFC1D7C02C7C}.Debug|Any CPU.Build.0 = Debug|Any CPU
		{F228380B-3069-4F2B-BF23-BFC1D7C02C7C}.Release|Any CPU.ActiveCfg = Release|Any CPU
		{F228380B-3069-4F2B-BF23-BFC1D7C02C7C}.Release|Any CPU.Build.0 = Release|Any CPU
		{10190B8D-6AA4-4B47-893C-39864585D5EE}.Debug|Any CPU.ActiveCfg = Debug|Any CPU
		{10190B8D-6AA4-4B47-893C-39864585D5EE}.Debug|Any CPU.Build.0 = Debug|Any CPU
		{10190B8D-6AA4-4B47-893C-39864585D5EE}.Release|Any CPU.ActiveCfg = Release|Any CPU
		{10190B8D-6AA4-4B47-893C-39864585D5EE}.Release|Any CPU.Build.0 = Release|Any CPU
	EndGlobalSection
	GlobalSection(SolutionProperties) = preSolution
		HideSolutionNode = FALSE
	EndGlobalSection
	GlobalSection(NestedProjects) = preSolution
		{43CDFC01-CED1-484C-A74B-B9746A670100} = {80EB3C62-C3AE-4240-BE42-70C007F6821F}
		{A135CE3D-C7DB-4241-8F9C-12695655CE6F} = {80EB3C62-C3AE-4240-BE42-70C007F6821F}
		{1C5C989B-CE0B-4DC3-AF43-96B114838D08} = {80EB3C62-C3AE-4240-BE42-70C007F6821F}
		{7F147039-28C6-4CE6-B134-4A94E90BA183} = {80EB3C62-C3AE-4240-BE42-70C007F6821F}
		{47E83768-1722-4F4C-BA0E-CA313AE6B11D} = {80EB3C62-C3AE-4240-BE42-70C007F6821F}
		{256F19B3-7288-42B1-82F0-3BC4D284891E} = {80EB3C62-C3AE-4240-BE42-70C007F6821F}
		{F228380B-3069-4F2B-BF23-BFC1D7C02C7C} = {80EB3C62-C3AE-4240-BE42-70C007F6821F}
		{FC3CAE00-FF7B-4B38-AAE1-FA8F385D1242} = {80AA3029-84FE-4694-9A13-CBFC3BFB85A1}
		{9C8399D6-839F-4088-87B4-F80E8D5094D2} = {80AA3029-84FE-4694-9A13-CBFC3BFB85A1}
		{2FB6553B-34BA-4A75-9E88-E82F3D3C1891} = {80AA3029-84FE-4694-9A13-CBFC3BFB85A1}
		{6793C240-F450-448C-922D-B8D5AF771E98} = {80AA3029-84FE-4694-9A13-CBFC3BFB85A1}
		{BDA8AFF6-3130-4CB9-9E91-A16D47C52C1A} = {80AA3029-84FE-4694-9A13-CBFC3BFB85A1}
		{10190B8D-6AA4-4B47-893C-39864585D5EE} = {80AA3029-84FE-4694-9A13-CBFC3BFB85A1}
	EndGlobalSection
EndGlobal
